
Microsoft Visual Studio Solution File, Format Version 12.00
# Visual Studio Version 17
VisualStudioVersion = 17.8.34322.80
MinimumVisualStudioVersion = 10.0.40219.1
Project("{FAE04EC0-301F-11D3-BF4B-00C04F79EFBC}") = "Sd.Crm.Backend", "Sd.Crm.Backend\Sd.Crm.Backend.csproj", "{A1B8688F-D84C-44E0-9181-78F8D1F8D807}"
EndProject
Global
	GlobalSection(SolutionConfigurationPlatforms) = preSolution
		Debug|Any CPU = Debug|Any CPU
		Release|Any CPU = Release|Any CPU
	EndGlobalSection
	GlobalSection(ProjectConfigurationPlatforms) = postSolution
		{A1B8688F-D84C-44E0-9181-78F8D1F8D807}.Debug|Any CPU.ActiveCfg = Debug|Any CPU
		{A1B8688F-D84C-44E0-9181-78F8D1F8D807}.Debug|Any CPU.Build.0 = Debug|Any CPU
		{A1B8688F-D84C-44E0-9181-78F8D1F8D807}.Release|Any CPU.ActiveCfg = Release|Any CPU
		{A1B8688F-D84C-44E0-9181-78F8D1F8D807}.Release|Any CPU.Build.0 = Release|Any CPU
	EndGlobalSection
	GlobalSection(SolutionProperties) = preSolution
		HideSolutionNode = FALSE
	EndGlobalSection
	GlobalSection(ExtensibilityGlobals) = postSolution
		SolutionGuid = {4D974BB8-897C-4E65-8194-4880E7831CE4}
	EndGlobalSection
EndGlobal
